// !$*UTF8*$!
{
	archiveVersion = 1;
	classes = {
	};
	objectVersion = 50;
	objects = {

/* Begin PBXBuildFile section */
		4CFFADF6220E1E1F00AACE36 /* AppDelegate.swift in Sources */ = {isa = PBXBuildFile; fileRef = 4CFFADF5220E1E1F00AACE36 /* AppDelegate.swift */; };
		4CFFADF8220E1E1F00AACE36 /* ViewController.swift in Sources */ = {isa = PBXBuildFile; fileRef = 4CFFADF7220E1E1F00AACE36 /* ViewController.swift */; };
		4CFFADFB220E1E1F00AACE36 /* Main.storyboard in Resources */ = {isa = PBXBuildFile; fileRef = 4CFFADF9220E1E1F00AACE36 /* Main.storyboard */; };
		4CFFADFD220E1E2000AACE36 /* Assets.xcassets in Resources */ = {isa = PBXBuildFile; fileRef = 4CFFADFC220E1E2000AACE36 /* Assets.xcassets */; };
		4CFFAE00220E1E2000AACE36 /* LaunchScreen.storyboard in Resources */ = {isa = PBXBuildFile; fileRef = 4CFFADFE220E1E2000AACE36 /* LaunchScreen.storyboard */; };
		4CFFAE0B220E1E2000AACE36 /* RxPlaygroundTests.swift in Sources */ = {isa = PBXBuildFile; fileRef = 4CFFAE0A220E1E2000AACE36 /* RxPlaygroundTests.swift */; };
		4CFFAE16220E1E2100AACE36 /* RxPlaygroundUITests.swift in Sources */ = {isa = PBXBuildFile; fileRef = 4CFFAE15220E1E2100AACE36 /* RxPlaygroundUITests.swift */; };
/* End PBXBuildFile section */

/* Begin PBXContainerItemProxy section */
		4CFFAE07220E1E2000AACE36 /* PBXContainerItemProxy */ = {
			isa = PBXContainerItemProxy;
			containerPortal = 4CFFADEA220E1E1F00AACE36 /* Project object */;
			proxyType = 1;
			remoteGlobalIDString = 4CFFADF1220E1E1F00AACE36;
			remoteInfo = RxPlayground;
		};
		4CFFAE12220E1E2100AACE36 /* PBXContainerItemProxy */ = {
			isa = PBXContainerItemProxy;
			containerPortal = 4CFFADEA220E1E1F00AACE36 /* Project object */;
			proxyType = 1;
			remoteGlobalIDString = 4CFFADF1220E1E1F00AACE36;
			remoteInfo = RxPlayground;
		};
/* End PBXContainerItemProxy section */

/* Begin PBXFileReference section */
		4CFFADF2220E1E1F00AACE36 /* RxPlayground.app */ = {isa = PBXFileReference; explicitFileType = wrapper.application; includeInIndex = 0; path = RxPlayground.app; sourceTree = BUILT_PRODUCTS_DIR; };
		4CFFADF5220E1E1F00AACE36 /* AppDelegate.swift */ = {isa = PBXFileReference; lastKnownFileType = sourcecode.swift; path = AppDelegate.swift; sourceTree = "<group>"; };
		4CFFADF7220E1E1F00AACE36 /* ViewController.swift */ = {isa = PBXFileReference; lastKnownFileType = sourcecode.swift; path = ViewController.swift; sourceTree = "<group>"; };
		4CFFADFA220E1E1F00AACE36 /* Base */ = {isa = PBXFileReference; lastKnownFileType = file.storyboard; name = Base; path = Base.lproj/Main.storyboard; sourceTree = "<group>"; };
		4CFFADFC220E1E2000AACE36 /* Assets.xcassets */ = {isa = PBXFileReference; lastKnownFileType = folder.assetcatalog; path = Assets.xcassets; sourceTree = "<group>"; };
		4CFFADFF220E1E2000AACE36 /* Base */ = {isa = PBXFileReference; lastKnownFileType = file.storyboard; name = Base; path = Base.lproj/LaunchScreen.storyboard; sourceTree = "<group>"; };
		4CFFAE01220E1E2000AACE36 /* Info.plist */ = {isa = PBXFileReference; lastKnownFileType = text.plist.xml; path = Info.plist; sourceTree = "<group>"; };
		4CFFAE06220E1E2000AACE36 /* RxPlaygroundTests.xctest */ = {isa = PBXFileReference; explicitFileType = wrapper.cfbundle; includeInIndex = 0; path = RxPlaygroundTests.xctest; sourceTree = BUILT_PRODUCTS_DIR; };
		4CFFAE0A220E1E2000AACE36 /* RxPlaygroundTests.swift */ = {isa = PBXFileReference; lastKnownFileType = sourcecode.swift; path = RxPlaygroundTests.swift; sourceTree = "<group>"; };
		4CFFAE0C220E1E2000AACE36 /* Info.plist */ = {isa = PBXFileReference; lastKnownFileType = text.plist.xml; path = Info.plist; sourceTree = "<group>"; };
		4CFFAE11220E1E2100AACE36 /* RxPlaygroundUITests.xctest */ = {isa = PBXFileReference; explicitFileType = wrapper.cfbundle; includeInIndex = 0; path = RxPlaygroundUITests.xctest; sourceTree = BUILT_PRODUCTS_DIR; };
		4CFFAE15220E1E2100AACE36 /* RxPlaygroundUITests.swift */ = {isa = PBXFileReference; lastKnownFileType = sourcecode.swift; path = RxPlaygroundUITests.swift; sourceTree = "<group>"; };
		4CFFAE17220E1E2100AACE36 /* Info.plist */ = {isa = PBXFileReference; lastKnownFileType = text.plist.xml; path = Info.plist; sourceTree = "<group>"; };
/* End PBXFileReference section */

/* Begin PBXFrameworksBuildPhase section */
		4CFFADEF220E1E1F00AACE36 /* Frameworks */ = {
			isa = PBXFrameworksBuildPhase;
			buildActionMask = 2147483647;
			files = (
			);
			runOnlyForDeploymentPostprocessing = 0;
		};
		4CFFAE03220E1E2000AACE36 /* Frameworks */ = {
			isa = PBXFrameworksBuildPhase;
			buildActionMask = 2147483647;
			files = (
			);
			runOnlyForDeploymentPostprocessing = 0;
		};
		4CFFAE0E220E1E2100AACE36 /* Frameworks */ = {
			isa = PBXFrameworksBuildPhase;
			buildActionMask = 2147483647;
			files = (
			);
			runOnlyForDeploymentPostprocessing = 0;
		};
/* End PBXFrameworksBuildPhase section */

/* Begin PBXGroup section */
		4CFFADE9220E1E1F00AACE36 = {
			isa = PBXGroup;
			children = (
				4CFFADF4220E1E1F00AACE36 /* RxPlayground */,
				4CFFAE09220E1E2000AACE36 /* RxPlaygroundTests */,
				4CFFAE14220E1E2100AACE36 /* RxPlaygroundUITests */,
				4CFFADF3220E1E1F00AACE36 /* Products */,
			);
			sourceTree = "<group>";
		};
		4CFFADF3220E1E1F00AACE36 /* Products */ = {
			isa = PBXGroup;
			children = (
				4CFFADF2220E1E1F00AACE36 /* RxPlayground.app */,
				4CFFAE06220E1E2000AACE36 /* RxPlaygroundTests.xctest */,
				4CFFAE11220E1E2100AACE36 /* RxPlaygroundUITests.xctest */,
			);
			name = Products;
			sourceTree = "<group>";
		};
		4CFFADF4220E1E1F00AACE36 /* RxPlayground */ = {
			isa = PBXGroup;
			children = (
				4CFFADF5220E1E1F00AACE36 /* AppDelegate.swift */,
				4CFFADF7220E1E1F00AACE36 /* ViewController.swift */,
				4CFFADF9220E1E1F00AACE36 /* Main.storyboard */,
				4CFFADFC220E1E2000AACE36 /* Assets.xcassets */,
				4CFFADFE220E1E2000AACE36 /* LaunchScreen.storyboard */,
				4CFFAE01220E1E2000AACE36 /* Info.plist */,
			);
			path = RxPlayground;
			sourceTree = "<group>";
		};
		4CFFAE09220E1E2000AACE36 /* RxPlaygroundTests */ = {
			isa = PBXGroup;
			children = (
				4CFFAE0A220E1E2000AACE36 /* RxPlaygroundTests.swift */,
				4CFFAE0C220E1E2000AACE36 /* Info.plist */,
			);
			path = RxPlaygroundTests;
			sourceTree = "<group>";
		};
		4CFFAE14220E1E2100AACE36 /* RxPlaygroundUITests */ = {
			isa = PBXGroup;
			children = (
				4CFFAE15220E1E2100AACE36 /* RxPlaygroundUITests.swift */,
				4CFFAE17220E1E2100AACE36 /* Info.plist */,
			);
			path = RxPlaygroundUITests;
			sourceTree = "<group>";
		};
/* End PBXGroup section */

/* Begin PBXNativeTarget section */
		4CFFADF1220E1E1F00AACE36 /* RxPlayground */ = {
			isa = PBXNativeTarget;
			buildConfigurationList = 4CFFAE1A220E1E2100AACE36 /* Build configuration list for PBXNativeTarget "RxPlayground" */;
			buildPhases = (
				4CFFADEE220E1E1F00AACE36 /* Sources */,
				4CFFADEF220E1E1F00AACE36 /* Frameworks */,
				4CFFADF0220E1E1F00AACE36 /* Resources */,
			);
			buildRules = (
			);
			dependencies = (
			);
			name = RxPlayground;
			productName = RxPlayground;
			productReference = 4CFFADF2220E1E1F00AACE36 /* RxPlayground.app */;
			productType = "com.apple.product-type.application";
		};
		4CFFAE05220E1E2000AACE36 /* RxPlaygroundTests */ = {
			isa = PBXNativeTarget;
			buildConfigurationList = 4CFFAE1D220E1E2100AACE36 /* Build configuration list for PBXNativeTarget "RxPlaygroundTests" */;
			buildPhases = (
				4CFFAE02220E1E2000AACE36 /* Sources */,
				4CFFAE03220E1E2000AACE36 /* Frameworks */,
				4CFFAE04220E1E2000AACE36 /* Resources */,
			);
			buildRules = (
			);
			dependencies = (
				4CFFAE08220E1E2000AACE36 /* PBXTargetDependency */,
			);
			name = RxPlaygroundTests;
			productName = RxPlaygroundTests;
			productReference = 4CFFAE06220E1E2000AACE36 /* RxPlaygroundTests.xctest */;
			productType = "com.apple.product-type.bundle.unit-test";
		};
		4CFFAE10220E1E2100AACE36 /* RxPlaygroundUITests */ = {
			isa = PBXNativeTarget;
			buildConfigurationList = 4CFFAE20220E1E2100AACE36 /* Build configuration list for PBXNativeTarget "RxPlaygroundUITests" */;
			buildPhases = (
				4CFFAE0D220E1E2100AACE36 /* Sources */,
				4CFFAE0E220E1E2100AACE36 /* Frameworks */,
				4CFFAE0F220E1E2100AACE36 /* Resources */,
			);
			buildRules = (
			);
			dependencies = (
				4CFFAE13220E1E2100AACE36 /* PBXTargetDependency */,
			);
			name = RxPlaygroundUITests;
			productName = RxPlaygroundUITests;
			productReference = 4CFFAE11220E1E2100AACE36 /* RxPlaygroundUITests.xctest */;
			productType = "com.apple.product-type.bundle.ui-testing";
		};
/* End PBXNativeTarget section */

/* Begin PBXProject section */
		4CFFADEA220E1E1F00AACE36 /* Project object */ = {
			isa = PBXProject;
			attributes = {
				LastSwiftUpdateCheck = 1010;
				LastUpgradeCheck = 1010;
				ORGANIZATIONNAME = "Yuchen Nie";
				TargetAttributes = {
					4CFFADF1220E1E1F00AACE36 = {
						CreatedOnToolsVersion = 10.1;
					};
					4CFFAE05220E1E2000AACE36 = {
						CreatedOnToolsVersion = 10.1;
						TestTargetID = 4CFFADF1220E1E1F00AACE36;
					};
					4CFFAE10220E1E2100AACE36 = {
						CreatedOnToolsVersion = 10.1;
						TestTargetID = 4CFFADF1220E1E1F00AACE36;
					};
				};
			};
			buildConfigurationList = 4CFFADED220E1E1F00AACE36 /* Build configuration list for PBXProject "RxPlayground" */;
			compatibilityVersion = "Xcode 9.3";
			developmentRegion = en;
			hasScannedForEncodings = 0;
			knownRegions = (
				en,
				Base,
			);
			mainGroup = 4CFFADE9220E1E1F00AACE36;
			productRefGroup = 4CFFADF3220E1E1F00AACE36 /* Products */;
			projectDirPath = "";
			projectRoot = "";
			targets = (
				4CFFADF1220E1E1F00AACE36 /* RxPlayground */,
				4CFFAE05220E1E2000AACE36 /* RxPlaygroundTests */,
				4CFFAE10220E1E2100AACE36 /* RxPlaygroundUITests */,
			);
		};
/* End PBXProject section */

/* Begin PBXResourcesBuildPhase section */
		4CFFADF0220E1E1F00AACE36 /* Resources */ = {
			isa = PBXResourcesBuildPhase;
			buildActionMask = 2147483647;
			files = (
				4CFFAE00220E1E2000AACE36 /* LaunchScreen.storyboard in Resources */,
				4CFFADFD220E1E2000AACE36 /* Assets.xcassets in Resources */,
				4CFFADFB220E1E1F00AACE36 /* Main.storyboard in Resources */,
			);
			runOnlyForDeploymentPostprocessing = 0;
		};
		4CFFAE04220E1E2000AACE36 /* Resources */ = {
			isa = PBXResourcesBuildPhase;
			buildActionMask = 2147483647;
			files = (
			);
			runOnlyForDeploymentPostprocessing = 0;
		};
		4CFFAE0F220E1E2100AACE36 /* Resources */ = {
			isa = PBXResourcesBuildPhase;
			buildActionMask = 2147483647;
			files = (
			);
			runOnlyForDeploymentPostprocessing = 0;
		};
/* End PBXResourcesBuildPhase section */

/* Begin PBXSourcesBuildPhase section */
		4CFFADEE220E1E1F00AACE36 /* Sources */ = {
			isa = PBXSourcesBuildPhase;
			buildActionMask = 2147483647;
			files = (
				4CFFADF8220E1E1F00AACE36 /* ViewController.swift in Sources */,
				4CFFADF6220E1E1F00AACE36 /* AppDelegate.swift in Sources */,
			);
			runOnlyForDeploymentPostprocessing = 0;
		};
		4CFFAE02220E1E2000AACE36 /* Sources */ = {
			isa = PBXSourcesBuildPhase;
			buildActionMask = 2147483647;
			files = (
				4CFFAE0B220E1E2000AACE36 /* RxPlaygroundTests.swift in Sources */,
			);
			runOnlyForDeploymentPostprocessing = 0;
		};
		4CFFAE0D220E1E2100AACE36 /* Sources */ = {
			isa = PBXSourcesBuildPhase;
			buildActionMask = 2147483647;
			files = (
				4CFFAE16220E1E2100AACE36 /* RxPlaygroundUITests.swift in Sources */,
			);
			runOnlyForDeploymentPostprocessing = 0;
		};
/* End PBXSourcesBuildPhase section */

/* Begin PBXTargetDependency section */
		4CFFAE08220E1E2000AACE36 /* PBXTargetDependency */ = {
			isa = PBXTargetDependency;
			target = 4CFFADF1220E1E1F00AACE36 /* RxPlayground */;
			targetProxy = 4CFFAE07220E1E2000AACE36 /* PBXContainerItemProxy */;
		};
		4CFFAE13220E1E2100AACE36 /* PBXTargetDependency */ = {
			isa = PBXTargetDependency;
			target = 4CFFADF1220E1E1F00AACE36 /* RxPlayground */;
			targetProxy = 4CFFAE12220E1E2100AACE36 /* PBXContainerItemProxy */;
		};
/* End PBXTargetDependency section */

/* Begin PBXVariantGroup section */
		4CFFADF9220E1E1F00AACE36 /* Main.storyboard */ = {
			isa = PBXVariantGroup;
			children = (
				4CFFADFA220E1E1F00AACE36 /* Base */,
			);
			name = Main.storyboard;
			sourceTree = "<group>";
		};
		4CFFADFE220E1E2000AACE36 /* LaunchScreen.storyboard */ = {
			isa = PBXVariantGroup;
			children = (
				4CFFADFF220E1E2000AACE36 /* Base */,
			);
			name = LaunchScreen.storyboard;
			sourceTree = "<group>";
		};
/* End PBXVariantGroup section */

/* Begin XCBuildConfiguration section */
		4CFFAE18220E1E2100AACE36 /* Debug */ = {
			isa = XCBuildConfiguration;
			buildSettings = {
				ALWAYS_SEARCH_USER_PATHS = NO;
				CLANG_ANALYZER_NONNULL = YES;
				CLANG_ANALYZER_NUMBER_OBJECT_CONVERSION = YES_AGGRESSIVE;
				CLANG_CXX_LANGUAGE_STANDARD = "gnu++14";
				CLANG_CXX_LIBRARY = "libc++";
				CLANG_ENABLE_MODULES = YES;
				CLANG_ENABLE_OBJC_ARC = YES;
				CLANG_ENABLE_OBJC_WEAK = YES;
				CLANG_WARN_BLOCK_CAPTURE_AUTORELEASING = YES;
				CLANG_WARN_BOOL_CONVERSION = YES;
				CLANG_WARN_COMMA = YES;
				CLANG_WARN_CONSTANT_CONVERSION = YES;
				CLANG_WARN_DEPRECATED_OBJC_IMPLEMENTATIONS = YES;
				CLANG_WARN_DIRECT_OBJC_ISA_USAGE = YES_ERROR;
				CLANG_WARN_DOCUMENTATION_COMMENTS = YES;
				CLANG_WARN_EMPTY_BODY = YES;
				CLANG_WARN_ENUM_CONVERSION = YES;
				CLANG_WARN_INFINITE_RECURSION = YES;
				CLANG_WARN_INT_CONVERSION = YES;
				CLANG_WARN_NON_LITERAL_NULL_CONVERSION = YES;
				CLANG_WARN_OBJC_IMPLICIT_RETAIN_SELF = YES;
				CLANG_WARN_OBJC_LITERAL_CONVERSION = YES;
				CLANG_WARN_OBJC_ROOT_CLASS = YES_ERROR;
				CLANG_WARN_RANGE_LOOP_ANALYSIS = YES;
				CLANG_WARN_STRICT_PROTOTYPES = YES;
				CLANG_WARN_SUSPICIOUS_MOVE = YES;
				CLANG_WARN_UNGUARDED_AVAILABILITY = YES_AGGRESSIVE;
				CLANG_WARN_UNREACHABLE_CODE = YES;
				CLANG_WARN__DUPLICATE_METHOD_MATCH = YES;
				CODE_SIGN_IDENTITY = "iPhone Developer";
				COPY_PHASE_STRIP = NO;
				DEBUG_INFORMATION_FORMAT = dwarf;
				ENABLE_STRICT_OBJC_MSGSEND = YES;
				ENABLE_TESTABILITY = YES;
				GCC_C_LANGUAGE_STANDARD = gnu11;
				GCC_DYNAMIC_NO_PIC = NO;
				GCC_NO_COMMON_BLOCKS = YES;
				GCC_OPTIMIZATION_LEVEL = 0;
				GCC_PREPROCESSOR_DEFINITIONS = (
					"DEBUG=1",
					"$(inherited)",
				);
				GCC_WARN_64_TO_32_BIT_CONVERSION = YES;
				GCC_WARN_ABOUT_RETURN_TYPE = YES_ERROR;
				GCC_WARN_UNDECLARED_SELECTOR = YES;
				GCC_WARN_UNINITIALIZED_AUTOS = YES_AGGRESSIVE;
				GCC_WARN_UNUSED_FUNCTION = YES;
				GCC_WARN_UNUSED_VARIABLE = YES;
				IPHONEOS_DEPLOYMENT_TARGET = 12.1;
				MTL_ENABLE_DEBUG_INFO = INCLUDE_SOURCE;
				MTL_FAST_MATH = YES;
				ONLY_ACTIVE_ARCH = YES;
				SDKROOT = iphoneos;
				SWIFT_ACTIVE_COMPILATION_CONDITIONS = DEBUG;
				SWIFT_OPTIMIZATION_LEVEL = "-Onone";
			};
			name = Debug;
		};
		4CFFAE19220E1E2100AACE36 /* Release */ = {
			isa = XCBuildConfiguration;
			buildSettings = {
				ALWAYS_SEARCH_USER_PATHS = NO;
				CLANG_ANALYZER_NONNULL = YES;
				CLANG_ANALYZER_NUMBER_OBJECT_CONVERSION = YES_AGGRESSIVE;
				CLANG_CXX_LANGUAGE_STANDARD = "gnu++14";
				CLANG_CXX_LIBRARY = "libc++";
				CLANG_ENABLE_MODULES = YES;
				CLANG_ENABLE_OBJC_ARC = YES;
				CLANG_ENABLE_OBJC_WEAK = YES;
				CLANG_WARN_BLOCK_CAPTURE_AUTORELEASING = YES;
				CLANG_WARN_BOOL_CONVERSION = YES;
				CLANG_WARN_COMMA = YES;
				CLANG_WARN_CONSTANT_CONVERSION = YES;
				CLANG_WARN_DEPRECATED_OBJC_IMPLEMENTATIONS = YES;
				CLANG_WARN_DIRECT_OBJC_ISA_USAGE = YES_ERROR;
				CLANG_WARN_DOCUMENTATION_COMMENTS = YES;
				CLANG_WARN_EMPTY_BODY = YES;
				CLANG_WARN_ENUM_CONVERSION = YES;
				CLANG_WARN_INFINITE_RECURSION = YES;
				CLANG_WARN_INT_CONVERSION = YES;
				CLANG_WARN_NON_LITERAL_NULL_CONVERSION = YES;
				CLANG_WARN_OBJC_IMPLICIT_RETAIN_SELF = YES;
				CLANG_WARN_OBJC_LITERAL_CONVERSION = YES;
				CLANG_WARN_OBJC_ROOT_CLASS = YES_ERROR;
				CLANG_WARN_RANGE_LOOP_ANALYSIS = YES;
				CLANG_WARN_STRICT_PROTOTYPES = YES;
				CLANG_WARN_SUSPICIOUS_MOVE = YES;
				CLANG_WARN_UNGUARDED_AVAILABILITY = YES_AGGRESSIVE;
				CLANG_WARN_UNREACHABLE_CODE = YES;
				CLANG_WARN__DUPLICATE_METHOD_MATCH = YES;
				CODE_SIGN_IDENTITY = "iPhone Developer";
				COPY_PHASE_STRIP = NO;
				DEBUG_INFORMATION_FORMAT = "dwarf-with-dsym";
				ENABLE_NS_ASSERTIONS = NO;
				ENABLE_STRICT_OBJC_MSGSEND = YES;
				GCC_C_LANGUAGE_STANDARD = gnu11;
				GCC_NO_COMMON_BLOCKS = YES;
				GCC_WARN_64_TO_32_BIT_CONVERSION = YES;
				GCC_WARN_ABOUT_RETURN_TYPE = YES_ERROR;
				GCC_WARN_UNDECLARED_SELECTOR = YES;
				GCC_WARN_UNINITIALIZED_AUTOS = YES_AGGRESSIVE;
				GCC_WARN_UNUSED_FUNCTION = YES;
				GCC_WARN_UNUSED_VARIABLE = YES;
				IPHONEOS_DEPLOYMENT_TARGET = 12.1;
				MTL_ENABLE_DEBUG_INFO = NO;
				MTL_FAST_MATH = YES;
				SDKROOT = iphoneos;
				SWIFT_COMPILATION_MODE = wholemodule;
				SWIFT_OPTIMIZATION_LEVEL = "-O";
				VALIDATE_PRODUCT = YES;
			};
			name = Release;
		};
		4CFFAE1B220E1E2100AACE36 /* Debug */ = {
			isa = XCBuildConfiguration;
			buildSettings = {
				ASSETCATALOG_COMPILER_APPICON_NAME = AppIcon;
				CODE_SIGN_STYLE = Automatic;
				INFOPLIST_FILE = RxPlayground/Info.plist;
				LD_RUNPATH_SEARCH_PATHS = (
					"$(inherited)",
					"@executable_path/Frameworks",
				);
				PRODUCT_BUNDLE_IDENTIFIER = com.vbhDemo.RxPlayground;
				PRODUCT_NAME = "$(TARGET_NAME)";
				SWIFT_VERSION = 4.2;
				TARGETED_DEVICE_FAMILY = "1,2";
			};
			name = Debug;
		};
		4CFFAE1C220E1E2100AACE36 /* Release */ = {
			isa = XCBuildConfiguration;
			buildSettings = {
				ASSETCATALOG_COMPILER_APPICON_NAME = AppIcon;
				CODE_SIGN_STYLE = Automatic;
				INFOPLIST_FILE = RxPlayground/Info.plist;
				LD_RUNPATH_SEARCH_PATHS = (
					"$(inherited)",
					"@executable_path/Frameworks",
				);
				PRODUCT_BUNDLE_IDENTIFIER = com.vbhDemo.RxPlayground;
				PRODUCT_NAME = "$(TARGET_NAME)";
				SWIFT_VERSION = 4.2;
				TARGETED_DEVICE_FAMILY = "1,2";
			};
			name = Release;
		};
		4CFFAE1E220E1E2100AACE36 /* Debug */ = {
			isa = XCBuildConfiguration;
			buildSettings = {
				ALWAYS_EMBED_SWIFT_STANDARD_LIBRARIES = YES;
				BUNDLE_LOADER = "$(TEST_HOST)";
				CODE_SIGN_STYLE = Automatic;
				INFOPLIST_FILE = RxPlaygroundTests/Info.plist;
				LD_RUNPATH_SEARCH_PATHS = (
					"$(inherited)",
					"@executable_path/Frameworks",
					"@loader_path/Frameworks",
				);
				PRODUCT_BUNDLE_IDENTIFIER = com.vbhDemo.RxPlaygroundTests;
				PRODUCT_NAME = "$(TARGET_NAME)";
				SWIFT_VERSION = 4.2;
				TARGETED_DEVICE_FAMILY = "1,2";
				TEST_HOST = "$(BUILT_PRODUCTS_DIR)/RxPlayground.app/RxPlayground";
			};
			name = Debug;
		};
		4CFFAE1F220E1E2100AACE36 /* Release */ = {
			isa = XCBuildConfiguration;
			buildSettings = {
				ALWAYS_EMBED_SWIFT_STANDARD_LIBRARIES = YES;
				BUNDLE_LOADER = "$(TEST_HOST)";
				CODE_SIGN_STYLE = Automatic;
				INFOPLIST_FILE = RxPlaygroundTests/Info.plist;
				LD_RUNPATH_SEARCH_PATHS = (
					"$(inherited)",
					"@executable_path/Frameworks",
					"@loader_path/Frameworks",
				);
				PRODUCT_BUNDLE_IDENTIFIER = com.vbhDemo.RxPlaygroundTests;
				PRODUCT_NAME = "$(TARGET_NAME)";
				SWIFT_VERSION = 4.2;
				TARGETED_DEVICE_FAMILY = "1,2";
				TEST_HOST = "$(BUILT_PRODUCTS_DIR)/RxPlayground.app/RxPlayground";
			};
			name = Release;
		};
		4CFFAE21220E1E2100AACE36 /* Debug */ = {
			isa = XCBuildConfiguration;
			buildSettings = {
				ALWAYS_EMBED_SWIFT_STANDARD_LIBRARIES = YES;
				CODE_SIGN_STYLE = Automatic;
				INFOPLIST_FILE = RxPlaygroundUITests/Info.plist;
				LD_RUNPATH_SEARCH_PATHS = (
					"$(inherited)",
					"@executable_path/Frameworks",
					"@loader_path/Frameworks",
				);
				PRODUCT_BUNDLE_IDENTIFIER = com.vbhDemo.RxPlaygroundUITests;
				PRODUCT_NAME = "$(TARGET_NAME)";
				SWIFT_VERSION = 4.2;
				TARGETED_DEVICE_FAMILY = "1,2";
				TEST_TARGET_NAME = RxPlayground;
			};
			name = Debug;
		};
		4CFFAE22220E1E2100AACE36 /* Release */ = {
			isa = XCBuildConfiguration;
			buildSettings = {
				ALWAYS_EMBED_SWIFT_STANDARD_LIBRARIES = YES;
				CODE_SIGN_STYLE = Automatic;
				INFOPLIST_FILE = RxPlaygroundUITests/Info.plist;
				LD_RUNPATH_SEARCH_PATHS = (
					"$(inherited)",
					"@executable_path/Frameworks",
					"@loader_path/Frameworks",
				);
				PRODUCT_BUNDLE_IDENTIFIER = com.vbhDemo.RxPlaygroundUITests;
				PRODUCT_NAME = "$(TARGET_NAME)";
				SWIFT_VERSION = 4.2;
				TARGETED_DEVICE_FAMILY = "1,2";
				TEST_TARGET_NAME = RxPlayground;
			};
			name = Release;
		};
/* End XCBuildConfiguration section */

/* Begin XCConfigurationList section */
		4CFFADED220E1E1F00AACE36 /* Build configuration list for PBXProject "RxPlayground" */ = {
			isa = XCConfigurationList;
			buildConfigurations = (
				4CFFAE18220E1E2100AACE36 /* Debug */,
				4CFFAE19220E1E2100AACE36 /* Release */,
			);
			defaultConfigurationIsVisible = 0;
			defaultConfigurationName = Release;
		};
		4CFFAE1A220E1E2100AACE36 /* Build configuration list for PBXNativeTarget "RxPlayground" */ = {
			isa = XCConfigurationList;
			buildConfigurations = (
				4CFFAE1B220E1E2100AACE36 /* Debug */,
				4CFFAE1C220E1E2100AACE36 /* Release */,
			);
			defaultConfigurationIsVisible = 0;
			defaultConfigurationName = Release;
		};
		4CFFAE1D220E1E2100AACE36 /* Build configuration list for PBXNativeTarget "RxPlaygroundTests" */ = {
			isa = XCConfigurationList;
			buildConfigurations = (
				4CFFAE1E220E1E2100AACE36 /* Debug */,
				4CFFAE1F220E1E2100AACE36 /* Release */,
			);
			defaultConfigurationIsVisible = 0;
			defaultConfigurationName = Release;
		};
		4CFFAE20220E1E2100AACE36 /* Build configuration list for PBXNativeTarget "RxPlaygroundUITests" */ = {
			isa = XCConfigurationList;
			buildConfigurations = (
				4CFFAE21220E1E2100AACE36 /* Debug */,
				4CFFAE22220E1E2100AACE36 /* Release */,
			);
			defaultConfigurationIsVisible = 0;
			defaultConfigurationName = Release;
		};
/* End XCConfigurationList section */
	};
	rootObject = 4CFFADEA220E1E1F00AACE36 /* Project object */;
}
